
Microsoft Visual Studio Solution File, Format Version 12.00
# Visual Studio 15
VisualStudioVersion = 15.0.28307.271
MinimumVisualStudioVersion = 10.0.40219.1
Project("{F184B08F-C81C-45F6-A57F-5ABD9991F28F}") = "Easy Butler", "Easy Butler\Easy Butler.vbproj", "{659C74E8-635E-4514-B2BD-E2DCB6B0AF76}"
EndProject
Project("{F184B08F-C81C-45F6-A57F-5ABD9991F28F}") = "Update Butler", "Update Butler\Update Butler.vbproj", "{C4D9AE83-C187-47F9-9306-8A77D463CE9D}"
EndProject
Project("{F184B08F-C81C-45F6-A57F-5ABD9991F28F}") = "Login", "Login\Login.vbproj", "{F11BC538-D4B4-4ABC-AEDB-0C53675620BC}"
EndProject
Project("{F184B08F-C81C-45F6-A57F-5ABD9991F28F}") = "Logout", "Logout\Logout.vbproj", "{C44B35AC-BDEB-4E3F-A7EE-4DD4E0F71FB1}"
EndProject
Global
	GlobalSection(SolutionConfigurationPlatforms) = preSolution
		Debug|Any CPU = Debug|Any CPU
		Release|Any CPU = Release|Any CPU
	EndGlobalSection
	GlobalSection(ProjectConfigurationPlatforms) = postSolution
		{659C74E8-635E-4514-B2BD-E2DCB6B0AF76}.Debug|Any CPU.ActiveCfg = Debug|Any CPU
		{659C74E8-635E-4514-B2BD-E2DCB6B0AF76}.Debug|Any CPU.Build.0 = Debug|Any CPU
		{659C74E8-635E-4514-B2BD-E2DCB6B0AF76}.Release|Any CPU.ActiveCfg = Release|Any CPU
		{659C74E8-635E-4514-B2BD-E2DCB6B0AF76}.Release|Any CPU.Build.0 = Release|Any CPU
		{C4D9AE83-C187-47F9-9306-8A77D463CE9D}.Debug|Any CPU.ActiveCfg = Debug|Any CPU
		{C4D9AE83-C187-47F9-9306-8A77D463CE9D}.Debug|Any CPU.Build.0 = Debug|Any CPU
		{C4D9AE83-C187-47F9-9306-8A77D463CE9D}.Release|Any CPU.ActiveCfg = Release|Any CPU
		{C4D9AE83-C187-47F9-9306-8A77D463CE9D}.Release|Any CPU.Build.0 = Release|Any CPU
		{F11BC538-D4B4-4ABC-AEDB-0C53675620BC}.Debug|Any CPU.ActiveCfg = Debug|Any CPU
		{F11BC538-D4B4-4ABC-AEDB-0C53675620BC}.Debug|Any CPU.Build.0 = Debug|Any CPU
		{F11BC538-D4B4-4ABC-AEDB-0C53675620BC}.Release|Any CPU.ActiveCfg = Release|Any CPU
		{F11BC538-D4B4-4ABC-AEDB-0C53675620BC}.Release|Any CPU.Build.0 = Release|Any CPU
		{C44B35AC-BDEB-4E3F-A7EE-4DD4E0F71FB1}.Debug|Any CPU.ActiveCfg = Debug|Any CPU
		{C44B35AC-BDEB-4E3F-A7EE-4DD4E0F71FB1}.Debug|Any CPU.Build.0 = Debug|Any CPU
		{C44B35AC-BDEB-4E3F-A7EE-4DD4E0F71FB1}.Release|Any CPU.ActiveCfg = Release|Any CPU
		{C44B35AC-BDEB-4E3F-A7EE-4DD4E0F71FB1}.Release|Any CPU.Build.0 = Release|Any CPU
	EndGlobalSection
	GlobalSection(SolutionProperties) = preSolution
		HideSolutionNode = FALSE
	EndGlobalSection
	GlobalSection(ExtensibilityGlobals) = postSolution
		SolutionGuid = {C8E009CA-F7D4-4456-88A8-A087A5B0DCF0}
	EndGlobalSection
EndGlobal
